// !$*UTF8*$!
{
	archiveVersion = 1;
	classes = {
	};
	objectVersion = 55;
	objects = {

/* Begin PBXBuildFile section */
		845042F6293CEAA500D262DA /* AppDelegate.swift in Sources */ = {isa = PBXBuildFile; fileRef = 845042F5293CEAA500D262DA /* AppDelegate.swift */; };
		845042F8293CEAA500D262DA /* SceneDelegate.swift in Sources */ = {isa = PBXBuildFile; fileRef = 845042F7293CEAA500D262DA /* SceneDelegate.swift */; };
		845042FA293CEAA500D262DA /* TopNewsViewController.swift in Sources */ = {isa = PBXBuildFile; fileRef = 845042F9293CEAA500D262DA /* TopNewsViewController.swift */; };
		845042FF293CEAA600D262DA /* Assets.xcassets in Resources */ = {isa = PBXBuildFile; fileRef = 845042FE293CEAA600D262DA /* Assets.xcassets */; };
		84504302293CEAA600D262DA /* LaunchScreen.storyboard in Resources */ = {isa = PBXBuildFile; fileRef = 84504300293CEAA600D262DA /* LaunchScreen.storyboard */; };
		8450431A293D141300D262DA /* News.swift in Sources */ = {isa = PBXBuildFile; fileRef = 84504319293D141300D262DA /* News.swift */; };
		8450431D293E8CE300D262DA /* TopNews.swift in Sources */ = {isa = PBXBuildFile; fileRef = 8450431C293E8CE300D262DA /* TopNews.swift */; };
		8450431F293E8DF600D262DA /* NewsCategory.swift in Sources */ = {isa = PBXBuildFile; fileRef = 8450431E293E8DF600D262DA /* NewsCategory.swift */; };
		E9C177CCE5FFEC78045CF4FD /* Pods_TheNews.framework in Frameworks */ = {isa = PBXBuildFile; fileRef = 517D5BB1C4E358F1447FB624 /* Pods_TheNews.framework */; };
/* End PBXBuildFile section */

/* Begin PBXFileReference section */
		2D80308C36B5C7F8CC48B351 /* Pods-TheNews.debug.xcconfig */ = {isa = PBXFileReference; includeInIndex = 1; lastKnownFileType = text.xcconfig; name = "Pods-TheNews.debug.xcconfig"; path = "Target Support Files/Pods-TheNews/Pods-TheNews.debug.xcconfig"; sourceTree = "<group>"; };
		517D5BB1C4E358F1447FB624 /* Pods_TheNews.framework */ = {isa = PBXFileReference; explicitFileType = wrapper.framework; includeInIndex = 0; path = Pods_TheNews.framework; sourceTree = BUILT_PRODUCTS_DIR; };
		845042F2293CEAA500D262DA /* TheNews.app */ = {isa = PBXFileReference; explicitFileType = wrapper.application; includeInIndex = 0; path = TheNews.app; sourceTree = BUILT_PRODUCTS_DIR; };
		845042F5293CEAA500D262DA /* AppDelegate.swift */ = {isa = PBXFileReference; lastKnownFileType = sourcecode.swift; path = AppDelegate.swift; sourceTree = "<group>"; };
		845042F7293CEAA500D262DA /* SceneDelegate.swift */ = {isa = PBXFileReference; lastKnownFileType = sourcecode.swift; path = SceneDelegate.swift; sourceTree = "<group>"; };
		845042F9293CEAA500D262DA /* TopNewsViewController.swift */ = {isa = PBXFileReference; lastKnownFileType = sourcecode.swift; path = TopNewsViewController.swift; sourceTree = "<group>"; };
		845042FE293CEAA600D262DA /* Assets.xcassets */ = {isa = PBXFileReference; lastKnownFileType = folder.assetcatalog; path = Assets.xcassets; sourceTree = "<group>"; };
		84504301293CEAA600D262DA /* Base */ = {isa = PBXFileReference; lastKnownFileType = file.storyboard; name = Base; path = Base.lproj/LaunchScreen.storyboard; sourceTree = "<group>"; };
		84504303293CEAA600D262DA /* Info.plist */ = {isa = PBXFileReference; lastKnownFileType = text.plist.xml; path = Info.plist; sourceTree = "<group>"; };
		84504319293D141300D262DA /* News.swift */ = {isa = PBXFileReference; lastKnownFileType = sourcecode.swift; path = News.swift; sourceTree = "<group>"; };
		8450431C293E8CE300D262DA /* TopNews.swift */ = {isa = PBXFileReference; lastKnownFileType = sourcecode.swift; path = TopNews.swift; sourceTree = "<group>"; };
		8450431E293E8DF600D262DA /* NewsCategory.swift */ = {isa = PBXFileReference; lastKnownFileType = sourcecode.swift; path = NewsCategory.swift; sourceTree = "<group>"; };
		BD7F38C0CA2B41FC17E8A49F /* Pods-TheNews.release.xcconfig */ = {isa = PBXFileReference; includeInIndex = 1; lastKnownFileType = text.xcconfig; name = "Pods-TheNews.release.xcconfig"; path = "Target Support Files/Pods-TheNews/Pods-TheNews.release.xcconfig"; sourceTree = "<group>"; };
/* End PBXFileReference section */

/* Begin PBXFrameworksBuildPhase section */
		845042EF293CEAA500D262DA /* Frameworks */ = {
			isa = PBXFrameworksBuildPhase;
			buildActionMask = 2147483647;
			files = (
				E9C177CCE5FFEC78045CF4FD /* Pods_TheNews.framework in Frameworks */,
			);
			runOnlyForDeploymentPostprocessing = 0;
		};
/* End PBXFrameworksBuildPhase section */

/* Begin PBXGroup section */
		845042E9293CEAA500D262DA = {
			isa = PBXGroup;
			children = (
				845042F4293CEAA500D262DA /* TheNews */,
				845042F3293CEAA500D262DA /* Products */,
				DE72612CD32BCC77FECB82A5 /* Pods */,
				8D60B093047D13C8B62C1F2D /* Frameworks */,
			);
			sourceTree = "<group>";
		};
		845042F3293CEAA500D262DA /* Products */ = {
			isa = PBXGroup;
			children = (
				845042F2293CEAA500D262DA /* TheNews.app */,
			);
			name = Products;
			sourceTree = "<group>";
		};
		845042F4293CEAA500D262DA /* TheNews */ = {
			isa = PBXGroup;
			children = (
				84504309293CF3DE00D262DA /* App */,
				8450430A293CF3E700D262DA /* TheNews */,
				8450430B293CF3F000D262DA /* Sources */,
				8450430C293CF40300D262DA /* SupportedFiles */,
				84504303293CEAA600D262DA /* Info.plist */,
			);
			path = TheNews;
			sourceTree = "<group>";
		};
		84504309293CF3DE00D262DA /* App */ = {
			isa = PBXGroup;
			children = (
				845042F5293CEAA500D262DA /* AppDelegate.swift */,
				845042F7293CEAA500D262DA /* SceneDelegate.swift */,
			);
			path = App;
			sourceTree = "<group>";
		};
		8450430A293CF3E700D262DA /* TheNews */ = {
			isa = PBXGroup;
			children = (
				8450430D293CF52200D262DA /* BaseClasses */,
				8450430E293CF52F00D262DA /* CustomView */,
				8450430F293CF54100D262DA /* Manager */,
				84504310293CF79300D262DA /* Modules */,
			);
			path = TheNews;
			sourceTree = "<group>";
		};
		8450430B293CF3F000D262DA /* Sources */ = {
			isa = PBXGroup;
			children = (
				845042FE293CEAA600D262DA /* Assets.xcassets */,
			);
			path = Sources;
			sourceTree = "<group>";
		};
		8450430C293CF40300D262DA /* SupportedFiles */ = {
			isa = PBXGroup;
			children = (
				84504300293CEAA600D262DA /* LaunchScreen.storyboard */,
			);
			path = SupportedFiles;
			sourceTree = "<group>";
		};
		8450430D293CF52200D262DA /* BaseClasses */ = {
			isa = PBXGroup;
			children = (
			);
			path = BaseClasses;
			sourceTree = "<group>";
		};
		8450430E293CF52F00D262DA /* CustomView */ = {
			isa = PBXGroup;
			children = (
			);
			path = CustomView;
			sourceTree = "<group>";
		};
		8450430F293CF54100D262DA /* Manager */ = {
			isa = PBXGroup;
			children = (
			);
			path = Manager;
			sourceTree = "<group>";
		};
		84504310293CF79300D262DA /* Modules */ = {
			isa = PBXGroup;
			children = (
				8450431B293D144200D262DA /* Common */,
				84504311293CF80700D262DA /* TopNews */,
			);
			path = Modules;
			sourceTree = "<group>";
		};
		84504311293CF80700D262DA /* TopNews */ = {
			isa = PBXGroup;
			children = (
				84504314293CF9E500D262DA /* ViewModel */,
				84504313293CF9DC00D262DA /* View */,
				84504312293CF9A000D262DA /* Model */,
				84504315293CF9F700D262DA /* Other */,
			);
			path = TopNews;
			sourceTree = "<group>";
		};
		84504312293CF9A000D262DA /* Model */ = {
			isa = PBXGroup;
			children = (
				8450431C293E8CE300D262DA /* TopNews.swift */,
			);
			path = Model;
			sourceTree = "<group>";
		};
		84504313293CF9DC00D262DA /* View */ = {
			isa = PBXGroup;
			children = (
				845042F9293CEAA500D262DA /* TopNewsViewController.swift */,
			);
			path = View;
			sourceTree = "<group>";
		};
		84504314293CF9E500D262DA /* ViewModel */ = {
			isa = PBXGroup;
			children = (
			);
			path = ViewModel;
			sourceTree = "<group>";
		};
		84504315293CF9F700D262DA /* Other */ = {
			isa = PBXGroup;
			children = (
				84504316293CF9FE00D262DA /* Extension */,
			);
			path = Other;
			sourceTree = "<group>";
		};
		84504316293CF9FE00D262DA /* Extension */ = {
			isa = PBXGroup;
			children = (
			);
			path = Extension;
			sourceTree = "<group>";
		};
		8450431B293D144200D262DA /* Common */ = {
			isa = PBXGroup;
			children = (
				84504319293D141300D262DA /* News.swift */,
				8450431E293E8DF600D262DA /* NewsCategory.swift */,
			);
			path = Common;
			sourceTree = "<group>";
		};
		8D60B093047D13C8B62C1F2D /* Frameworks */ = {
			isa = PBXGroup;
			children = (
				517D5BB1C4E358F1447FB624 /* Pods_TheNews.framework */,
			);
			name = Frameworks;
			sourceTree = "<group>";
		};
		DE72612CD32BCC77FECB82A5 /* Pods */ = {
			isa = PBXGroup;
			children = (
				2D80308C36B5C7F8CC48B351 /* Pods-TheNews.debug.xcconfig */,
				BD7F38C0CA2B41FC17E8A49F /* Pods-TheNews.release.xcconfig */,
			);
			path = Pods;
			sourceTree = "<group>";
		};
/* End PBXGroup section */

/* Begin PBXNativeTarget section */
		845042F1293CEAA500D262DA /* TheNews */ = {
			isa = PBXNativeTarget;
			buildConfigurationList = 84504306293CEAA600D262DA /* Build configuration list for PBXNativeTarget "TheNews" */;
			buildPhases = (
				7E9334BAFE276C8E3FBD0B43 /* [CP] Check Pods Manifest.lock */,
				845042EE293CEAA500D262DA /* Sources */,
				845042EF293CEAA500D262DA /* Frameworks */,
				845042F0293CEAA500D262DA /* Resources */,
				8450432829427E6B00D262DA /* ShellScript */,
			);
			buildRules = (
			);
			dependencies = (
			);
			name = TheNews;
			productName = TheNews;
			productReference = 845042F2293CEAA500D262DA /* TheNews.app */;
			productType = "com.apple.product-type.application";
		};
/* End PBXNativeTarget section */

/* Begin PBXProject section */
		845042EA293CEAA500D262DA /* Project object */ = {
			isa = PBXProject;
			attributes = {
				BuildIndependentTargetsInParallel = 1;
				LastSwiftUpdateCheck = 1320;
				LastUpgradeCheck = 1320;
				TargetAttributes = {
					845042F1293CEAA500D262DA = {
						CreatedOnToolsVersion = 13.2.1;
					};
				};
			};
			buildConfigurationList = 845042ED293CEAA500D262DA /* Build configuration list for PBXProject "TheNews" */;
			compatibilityVersion = "Xcode 13.0";
			developmentRegion = en;
			hasScannedForEncodings = 0;
			knownRegions = (
				en,
				Base,
			);
			mainGroup = 845042E9293CEAA500D262DA;
			productRefGroup = 845042F3293CEAA500D262DA /* Products */;
			projectDirPath = "";
			projectRoot = "";
			targets = (
				845042F1293CEAA500D262DA /* TheNews */,
			);
		};
/* End PBXProject section */

/* Begin PBXResourcesBuildPhase section */
		845042F0293CEAA500D262DA /* Resources */ = {
			isa = PBXResourcesBuildPhase;
			buildActionMask = 2147483647;
			files = (
				84504302293CEAA600D262DA /* LaunchScreen.storyboard in Resources */,
				845042FF293CEAA600D262DA /* Assets.xcassets in Resources */,
			);
			runOnlyForDeploymentPostprocessing = 0;
		};
/* End PBXResourcesBuildPhase section */

/* Begin PBXShellScriptBuildPhase section */
		7E9334BAFE276C8E3FBD0B43 /* [CP] Check Pods Manifest.lock */ = {
			isa = PBXShellScriptBuildPhase;
			buildActionMask = 2147483647;
			files = (
			);
			inputFileListPaths = (
			);
			inputPaths = (
				"${PODS_PODFILE_DIR_PATH}/Podfile.lock",
				"${PODS_ROOT}/Manifest.lock",
			);
			name = "[CP] Check Pods Manifest.lock";
			outputFileListPaths = (
			);
			outputPaths = (
				"$(DERIVED_FILE_DIR)/Pods-TheNews-checkManifestLockResult.txt",
			);
			runOnlyForDeploymentPostprocessing = 0;
			shellPath = /bin/sh;
			shellScript = "diff \"${PODS_PODFILE_DIR_PATH}/Podfile.lock\" \"${PODS_ROOT}/Manifest.lock\" > /dev/null\nif [ $? != 0 ] ; then\n    # print error to STDERR\n    echo \"error: The sandbox is not in sync with the Podfile.lock. Run 'pod install' or update your CocoaPods installation.\" >&2\n    exit 1\nfi\n# This output is used by Xcode 'outputs' to avoid re-running this script phase.\necho \"SUCCESS\" > \"${SCRIPT_OUTPUT_FILE_0}\"\n";
			showEnvVarsInLog = 0;
		};
		8450432829427E6B00D262DA /* ShellScript */ = {
			isa = PBXShellScriptBuildPhase;
			buildActionMask = 2147483647;
			files = (
			);
			inputFileListPaths = (
			);
			inputPaths = (
			);
			outputFileListPaths = (
			);
			outputPaths = (
			);
			runOnlyForDeploymentPostprocessing = 0;
			shellPath = /bin/sh;
			shellScript = "SWIFT_LINT=/usr/local/bin/swiftlint\n\nif [[ -e \"${SWIFT_LINT}\" ]]; then\n    echo \"[I] Found SwiftLint at ${SWIFT_LINT}\"\nelse\n    echo \"[!] Local SwiftLint not found at ${SWIFT_LINT}\"\n    export SWIFT_LINT=${PWD}/Pods/SwiftLint/swiftlint\n    echo \"[I] Try to using SwiftLint from cocoapods at ${SWIFT_LINT}\"\nfi\n\nif [[ ! -e \"${SWIFT_LINT}\" ]]; then\n    echo \"[!] SwifLint is not installed.\"\n    echo \"[!] Expected location is '${SWIFT_LINT}'\"\n    echo \"[!] Please install it. eg. 'brew install swiftlint'\"\n    exit 1\nfi\n\necho \"[I] SwiftLint version: $(${SWIFT_LINT} version)\"\n\ngit ls-files --other --modified --exclude-standard -- \"*.swift\" | while read filename; do\n    $SWIFT_LINT lint --path \"$filename\";\n    $SWIFT_LINT autocorrect --path \"$filename\";\ndone\n";
		};
/* End PBXShellScriptBuildPhase section */

/* Begin PBXSourcesBuildPhase section */
		845042EE293CEAA500D262DA /* Sources */ = {
			isa = PBXSourcesBuildPhase;
			buildActionMask = 2147483647;
			files = (
				845042FA293CEAA500D262DA /* TopNewsViewController.swift in Sources */,
				8450431D293E8CE300D262DA /* TopNews.swift in Sources */,
				845042F6293CEAA500D262DA /* AppDelegate.swift in Sources */,
				8450431A293D141300D262DA /* News.swift in Sources */,
				845042F8293CEAA500D262DA /* SceneDelegate.swift in Sources */,
				8450431F293E8DF600D262DA /* NewsCategory.swift in Sources */,
			);
			runOnlyForDeploymentPostprocessing = 0;
		};
/* End PBXSourcesBuildPhase section */

/* Begin PBXVariantGroup section */
		84504300293CEAA600D262DA /* LaunchScreen.storyboard */ = {
			isa = PBXVariantGroup;
			children = (
				84504301293CEAA600D262DA /* Base */,
			);
			name = LaunchScreen.storyboard;
			sourceTree = "<group>";
		};
/* End PBXVariantGroup section */

/* Begin XCBuildConfiguration section */
		84504304293CEAA600D262DA /* Debug */ = {
			isa = XCBuildConfiguration;
			buildSettings = {
				ALWAYS_SEARCH_USER_PATHS = NO;
				CLANG_ANALYZER_NONNULL = YES;
				CLANG_ANALYZER_NUMBER_OBJECT_CONVERSION = YES_AGGRESSIVE;
				CLANG_CXX_LANGUAGE_STANDARD = "gnu++17";
				CLANG_CXX_LIBRARY = "libc++";
				CLANG_ENABLE_MODULES = YES;
				CLANG_ENABLE_OBJC_ARC = YES;
				CLANG_ENABLE_OBJC_WEAK = YES;
				CLANG_WARN_BLOCK_CAPTURE_AUTORELEASING = YES;
				CLANG_WARN_BOOL_CONVERSION = YES;
				CLANG_WARN_COMMA = YES;
				CLANG_WARN_CONSTANT_CONVERSION = YES;
				CLANG_WARN_DEPRECATED_OBJC_IMPLEMENTATIONS = YES;
				CLANG_WARN_DIRECT_OBJC_ISA_USAGE = YES_ERROR;
				CLANG_WARN_DOCUMENTATION_COMMENTS = YES;
				CLANG_WARN_EMPTY_BODY = YES;
				CLANG_WARN_ENUM_CONVERSION = YES;
				CLANG_WARN_INFINITE_RECURSION = YES;
				CLANG_WARN_INT_CONVERSION = YES;
				CLANG_WARN_NON_LITERAL_NULL_CONVERSION = YES;
				CLANG_WARN_OBJC_IMPLICIT_RETAIN_SELF = YES;
				CLANG_WARN_OBJC_LITERAL_CONVERSION = YES;
				CLANG_WARN_OBJC_ROOT_CLASS = YES_ERROR;
				CLANG_WARN_QUOTED_INCLUDE_IN_FRAMEWORK_HEADER = YES;
				CLANG_WARN_RANGE_LOOP_ANALYSIS = YES;
				CLANG_WARN_STRICT_PROTOTYPES = YES;
				CLANG_WARN_SUSPICIOUS_MOVE = YES;
				CLANG_WARN_UNGUARDED_AVAILABILITY = YES_AGGRESSIVE;
				CLANG_WARN_UNREACHABLE_CODE = YES;
				CLANG_WARN__DUPLICATE_METHOD_MATCH = YES;
				COPY_PHASE_STRIP = NO;
				DEBUG_INFORMATION_FORMAT = dwarf;
				ENABLE_STRICT_OBJC_MSGSEND = YES;
				ENABLE_TESTABILITY = YES;
				GCC_C_LANGUAGE_STANDARD = gnu11;
				GCC_DYNAMIC_NO_PIC = NO;
				GCC_NO_COMMON_BLOCKS = YES;
				GCC_OPTIMIZATION_LEVEL = 0;
				GCC_PREPROCESSOR_DEFINITIONS = (
					"DEBUG=1",
					"$(inherited)",
				);
				GCC_WARN_64_TO_32_BIT_CONVERSION = YES;
				GCC_WARN_ABOUT_RETURN_TYPE = YES_ERROR;
				GCC_WARN_UNDECLARED_SELECTOR = YES;
				GCC_WARN_UNINITIALIZED_AUTOS = YES_AGGRESSIVE;
				GCC_WARN_UNUSED_FUNCTION = YES;
				GCC_WARN_UNUSED_VARIABLE = YES;
				IPHONEOS_DEPLOYMENT_TARGET = 13.0;
				MTL_ENABLE_DEBUG_INFO = INCLUDE_SOURCE;
				MTL_FAST_MATH = YES;
				ONLY_ACTIVE_ARCH = YES;
				SDKROOT = iphoneos;
				SWIFT_ACTIVE_COMPILATION_CONDITIONS = DEBUG;
				SWIFT_OPTIMIZATION_LEVEL = "-Onone";
			};
			name = Debug;
		};
		84504305293CEAA600D262DA /* Release */ = {
			isa = XCBuildConfiguration;
			buildSettings = {
				ALWAYS_SEARCH_USER_PATHS = NO;
				CLANG_ANALYZER_NONNULL = YES;
				CLANG_ANALYZER_NUMBER_OBJECT_CONVERSION = YES_AGGRESSIVE;
				CLANG_CXX_LANGUAGE_STANDARD = "gnu++17";
				CLANG_CXX_LIBRARY = "libc++";
				CLANG_ENABLE_MODULES = YES;
				CLANG_ENABLE_OBJC_ARC = YES;
				CLANG_ENABLE_OBJC_WEAK = YES;
				CLANG_WARN_BLOCK_CAPTURE_AUTORELEASING = YES;
				CLANG_WARN_BOOL_CONVERSION = YES;
				CLANG_WARN_COMMA = YES;
				CLANG_WARN_CONSTANT_CONVERSION = YES;
				CLANG_WARN_DEPRECATED_OBJC_IMPLEMENTATIONS = YES;
				CLANG_WARN_DIRECT_OBJC_ISA_USAGE = YES_ERROR;
				CLANG_WARN_DOCUMENTATION_COMMENTS = YES;
				CLANG_WARN_EMPTY_BODY = YES;
				CLANG_WARN_ENUM_CONVERSION = YES;
				CLANG_WARN_INFINITE_RECURSION = YES;
				CLANG_WARN_INT_CONVERSION = YES;
				CLANG_WARN_NON_LITERAL_NULL_CONVERSION = YES;
				CLANG_WARN_OBJC_IMPLICIT_RETAIN_SELF = YES;
				CLANG_WARN_OBJC_LITERAL_CONVERSION = YES;
				CLANG_WARN_OBJC_ROOT_CLASS = YES_ERROR;
				CLANG_WARN_QUOTED_INCLUDE_IN_FRAMEWORK_HEADER = YES;
				CLANG_WARN_RANGE_LOOP_ANALYSIS = YES;
				CLANG_WARN_STRICT_PROTOTYPES = YES;
				CLANG_WARN_SUSPICIOUS_MOVE = YES;
				CLANG_WARN_UNGUARDED_AVAILABILITY = YES_AGGRESSIVE;
				CLANG_WARN_UNREACHABLE_CODE = YES;
				CLANG_WARN__DUPLICATE_METHOD_MATCH = YES;
				COPY_PHASE_STRIP = NO;
				DEBUG_INFORMATION_FORMAT = "dwarf-with-dsym";
				ENABLE_NS_ASSERTIONS = NO;
				ENABLE_STRICT_OBJC_MSGSEND = YES;
				GCC_C_LANGUAGE_STANDARD = gnu11;
				GCC_NO_COMMON_BLOCKS = YES;
				GCC_WARN_64_TO_32_BIT_CONVERSION = YES;
				GCC_WARN_ABOUT_RETURN_TYPE = YES_ERROR;
				GCC_WARN_UNDECLARED_SELECTOR = YES;
				GCC_WARN_UNINITIALIZED_AUTOS = YES_AGGRESSIVE;
				GCC_WARN_UNUSED_FUNCTION = YES;
				GCC_WARN_UNUSED_VARIABLE = YES;
				IPHONEOS_DEPLOYMENT_TARGET = 13.0;
				MTL_ENABLE_DEBUG_INFO = NO;
				MTL_FAST_MATH = YES;
				SDKROOT = iphoneos;
				SWIFT_COMPILATION_MODE = wholemodule;
				SWIFT_OPTIMIZATION_LEVEL = "-O";
				VALIDATE_PRODUCT = YES;
			};
			name = Release;
		};
		84504307293CEAA600D262DA /* Debug */ = {
			isa = XCBuildConfiguration;
			baseConfigurationReference = 2D80308C36B5C7F8CC48B351 /* Pods-TheNews.debug.xcconfig */;
			buildSettings = {
				ASSETCATALOG_COMPILER_APPICON_NAME = AppIcon;
				ASSETCATALOG_COMPILER_GLOBAL_ACCENT_COLOR_NAME = AccentColor;
				CODE_SIGN_STYLE = Automatic;
				CURRENT_PROJECT_VERSION = 1;
				DEVELOPMENT_TEAM = S46HN8WG63;
				GENERATE_INFOPLIST_FILE = YES;
				INFOPLIST_FILE = TheNews/Info.plist;
				INFOPLIST_KEY_UIApplicationSupportsIndirectInputEvents = YES;
				INFOPLIST_KEY_UILaunchStoryboardName = LaunchScreen;
				INFOPLIST_KEY_UISupportedInterfaceOrientations_iPad = "UIInterfaceOrientationPortrait UIInterfaceOrientationPortraitUpsideDown UIInterfaceOrientationLandscapeLeft UIInterfaceOrientationLandscapeRight";
				INFOPLIST_KEY_UISupportedInterfaceOrientations_iPhone = "UIInterfaceOrientationPortrait UIInterfaceOrientationLandscapeLeft UIInterfaceOrientationLandscapeRight";
				IPHONEOS_DEPLOYMENT_TARGET = 13.0;
				LD_RUNPATH_SEARCH_PATHS = (
					"$(inherited)",
					"@executable_path/Frameworks",
				);
				MARKETING_VERSION = 1.0.0;
				PRODUCT_BUNDLE_IDENTIFIER = com.VSTsyganov.TheNews;
				PRODUCT_NAME = "$(TARGET_NAME)";
				STRIP_INSTALLED_PRODUCT = YES;
				SWIFT_EMIT_LOC_STRINGS = YES;
				SWIFT_VERSION = 5.0;
				TARGETED_DEVICE_FAMILY = "1,2";
			};
			name = Debug;
		};
		84504308293CEAA600D262DA /* Release */ = {
			isa = XCBuildConfiguration;
			baseConfigurationReference = BD7F38C0CA2B41FC17E8A49F /* Pods-TheNews.release.xcconfig */;
			buildSettings = {
				ASSETCATALOG_COMPILER_APPICON_NAME = AppIcon;
				ASSETCATALOG_COMPILER_GLOBAL_ACCENT_COLOR_NAME = AccentColor;
				CODE_SIGN_STYLE = Automatic;
				CURRENT_PROJECT_VERSION = 1;
				DEVELOPMENT_TEAM = S46HN8WG63;
				GENERATE_INFOPLIST_FILE = YES;
				INFOPLIST_FILE = TheNews/Info.plist;
				INFOPLIST_KEY_UIApplicationSupportsIndirectInputEvents = YES;
				INFOPLIST_KEY_UILaunchStoryboardName = LaunchScreen;
				INFOPLIST_KEY_UISupportedInterfaceOrientations_iPad = "UIInterfaceOrientationPortrait UIInterfaceOrientationPortraitUpsideDown UIInterfaceOrientationLandscapeLeft UIInterfaceOrientationLandscapeRight";
				INFOPLIST_KEY_UISupportedInterfaceOrientations_iPhone = "UIInterfaceOrientationPortrait UIInterfaceOrientationLandscapeLeft UIInterfaceOrientationLandscapeRight";
				IPHONEOS_DEPLOYMENT_TARGET = 13.0;
				LD_RUNPATH_SEARCH_PATHS = (
					"$(inherited)",
					"@executable_path/Frameworks",
				);
				MARKETING_VERSION = 1.0.0;
				PRODUCT_BUNDLE_IDENTIFIER = com.VSTsyganov.TheNews;
				PRODUCT_NAME = "$(TARGET_NAME)";
				STRIP_INSTALLED_PRODUCT = YES;
				SWIFT_EMIT_LOC_STRINGS = YES;
				SWIFT_VERSION = 5.0;
				TARGETED_DEVICE_FAMILY = "1,2";
			};
			name = Release;
		};
/* End XCBuildConfiguration section */

/* Begin XCConfigurationList section */
		845042ED293CEAA500D262DA /* Build configuration list for PBXProject "TheNews" */ = {
			isa = XCConfigurationList;
			buildConfigurations = (
				84504304293CEAA600D262DA /* Debug */,
				84504305293CEAA600D262DA /* Release */,
			);
			defaultConfigurationIsVisible = 0;
			defaultConfigurationName = Release;
		};
		84504306293CEAA600D262DA /* Build configuration list for PBXNativeTarget "TheNews" */ = {
			isa = XCConfigurationList;
			buildConfigurations = (
				84504307293CEAA600D262DA /* Debug */,
				84504308293CEAA600D262DA /* Release */,
			);
			defaultConfigurationIsVisible = 0;
			defaultConfigurationName = Release;
		};
/* End XCConfigurationList section */
	};
	rootObject = 845042EA293CEAA500D262DA /* Project object */;
}
